<?xml version="1.0" encoding="utf-8"?>
<Project ToolsVersion="4.0" xmlns="http://schemas.microsoft.com/developer/msbuild/2003">
  <ItemGroup>
    <ClCompile Include="..\gl3w.c" />
    <ClCompile Include="Module2.cpp" />
  </ItemGroup>
  <ItemGroup>
    <ClInclude Include="line_node.h" />
    <ClInclude Include="line_shader_node.h" />
    <ClInclude Include="point_node.h" />
    <ClInclude Include="point_shader_node.h" />
    <ClInclude Include="..\geometry\aabb.h">
      <Filter>Header Files\geometry</Filter>
    </ClInclude>
    <ClInclude Include="..\geometry\boundingsphere.h">
      <Filter>Header Files\geometry</Filter>
    </ClInclude>
    <ClInclude Include="..\geometry\geometry.h">
      <Filter>Header Files\geometry</Filter>
    </ClInclude>
    <ClInclude Include="..\geometry\hpoint2.h">
      <Filter>Header Files\geometry</Filter>
    </ClInclude>
    <ClInclude Include="..\geometry\hpoint3.h">
      <Filter>Header Files\geometry</Filter>
    </ClInclude>
    <ClInclude Include="..\geometry\matrix.h">
      <Filter>Header Files\geometry</Filter>
    </ClInclude>
    <ClInclude Include="..\geometry\noise.h">
      <Filter>Header Files\geometry</Filter>
    </ClInclude>
    <ClInclude Include="..\geometry\plane.h">
      <Filter>Header Files\geometry</Filter>
    </ClInclude>
    <ClInclude Include="..\geometry\point2.h">
      <Filter>Header Files\geometry</Filter>
    </ClInclude>
    <ClInclude Include="..\geometry\point3.h">
      <Filter>Header Files\geometry</Filter>
    </ClInclude>
    <ClInclude Include="..\geometry\ray3.h">
      <Filter>Header Files\geometry</Filter>
    </ClInclude>
    <ClInclude Include="..\geometry\segment2.h">
      <Filter>Header Files\geometry</Filter>
    </ClInclude>
    <ClInclude Include="..\geometry\segment3.h">
      <Filter>Header Files\geometry</Filter>
    </ClInclude>
    <ClInclude Include="..\geometry\vector2.h">
      <Filter>Header Files\geometry</Filter>
    </ClInclude>
    <ClInclude Include="..\geometry\vector3.h">
      <Filter>Header Files\geometry</Filter>
    </ClInclude>
    <ClInclude Include="..\scene\cameranode.h">
      <Filter>Header Files\scene</Filter>
    </ClInclude>
    <ClInclude Include="..\scene\color3.h">
      <Filter>Header Files\scene</Filter>
    </ClInclude>
    <ClInclude Include="..\scene\color4.h">
      <Filter>Header Files\scene</Filter>
    </ClInclude>
    <ClInclude Include="..\scene\geometrynode.h">
      <Filter>Header Files\scene</Filter>
    </ClInclude>
    <ClInclude Include="..\scene\presentationnode.h">
      <Filter>Header Files\scene</Filter>
    </ClInclude>
    <ClInclude Include="..\scene\scene.h">
      <Filter>Header Files\scene</Filter>
    </ClInclude>
    <ClInclude Include="..\scene\scenenode.h">
      <Filter>Header Files\scene</Filter>
    </ClInclude>
    <ClInclude Include="..\scene\scenestate.h">
      <Filter>Header Files\scene</Filter>
    </ClInclude>
    <ClInclude Include="..\scene\shadernode.h">
      <Filter>Header Files\scene</Filter>
    </ClInclude>
    <ClInclude Include="..\scene\transformnode.h">
      <Filter>Header Files\scene</Filter>
    </ClInclude>
    <ClInclude Include="..\shader_support\glsl_fragmentshader.h">
      <Filter>Header Files\shader_support</Filter>
    </ClInclude>
    <ClInclude Include="..\shader_support\glsl_shader.h">
      <Filter>Header Files\shader_support</Filter>
    </ClInclude>
    <ClInclude Include="..\shader_support\glsl_shaderprogram.h">
      <Filter>Header Files\shader_support</Filter>
    </ClInclude>
    <ClInclude Include="..\shader_support\glsl_vertexshader.h">
      <Filter>Header Files\shader_support</Filter>
    </ClInclude>
  </ItemGroup>
  <ItemGroup>
    <Filter Include="Header Files">
      <UniqueIdentifier>{bff0f534-0958-46bd-95dd-bd9821f3adbf}</UniqueIdentifier>
    </Filter>
    <Filter Include="Header Files\geometry">
      <UniqueIdentifier>{d8486f49-5b84-44bb-b30a-22da64daed4b}</UniqueIdentifier>
    </Filter>
    <Filter Include="Header Files\scene">
      <UniqueIdentifier>{d37cf01d-b8e5-4211-b00c-7bc31e22ffd1}</UniqueIdentifier>
    </Filter>
    <Filter Include="Header Files\shader_support">
      <UniqueIdentifier>{ed9ea08b-575c-44eb-af72-aca9b580e387}</UniqueIdentifier>
    </Filter>
    <Filter Include="shaders">
      <UniqueIdentifier>{15f2bfdf-23ce-40f0-bb6c-faa9fed24a58}</UniqueIdentifier>
    </Filter>
  </ItemGroup>
  <ItemGroup>
    <None Include="lines.vert">
      <Filter>shaders</Filter>
    </None>
    <None Include="points.vert">
      <Filter>shaders</Filter>
    </None>
    <None Include="lines.frag">
      <Filter>shaders</Filter>
    </None>
    <None Include="points.frag">
      <Filter>shaders</Filter>
    </None>
  </ItemGroup>
</Project>