<?xml version="1.0" encoding="utf-8"?>
<Project ToolsVersion="4.0" xmlns="http://schemas.microsoft.com/developer/msbuild/2003">
  <ItemGroup>
    <Filter Include="geometry">
      <UniqueIdentifier>{c9ce4676-aeed-488d-a8fa-2f69f91b4321}</UniqueIdentifier>
    </Filter>
    <Filter Include="scene">
      <UniqueIdentifier>{8dcd6c45-f119-4859-aa0f-92c8292660ea}</UniqueIdentifier>
    </Filter>
    <Filter Include="shaders">
      <UniqueIdentifier>{59aaadfc-1376-461c-bb0c-3d55bc91f269}</UniqueIdentifier>
    </Filter>
    <Filter Include="shader_support">
      <UniqueIdentifier>{e4c55f94-0cd6-4f2e-be6b-49de904aeadd}</UniqueIdentifier>
    </Filter>
  </ItemGroup>
  <ItemGroup>
    <ClInclude Include="GeodesicDome.h" />
    <ClInclude Include="BilinearPatch.h" />
    <ClInclude Include="LightingShaderNode.h" />
    <ClInclude Include="..\geometry\aabb.h">
      <Filter>geometry</Filter>
    </ClInclude>
    <ClInclude Include="..\geometry\boundingsphere.h">
      <Filter>geometry</Filter>
    </ClInclude>
    <ClInclude Include="..\geometry\geometry.h">
      <Filter>geometry</Filter>
    </ClInclude>
    <ClInclude Include="..\geometry\hpoint2.h">
      <Filter>geometry</Filter>
    </ClInclude>
    <ClInclude Include="..\geometry\hpoint3.h">
      <Filter>geometry</Filter>
    </ClInclude>
    <ClInclude Include="..\geometry\matrix.h">
      <Filter>geometry</Filter>
    </ClInclude>
    <ClInclude Include="..\geometry\noise.h">
      <Filter>geometry</Filter>
    </ClInclude>
    <ClInclude Include="..\geometry\plane.h">
      <Filter>geometry</Filter>
    </ClInclude>
    <ClInclude Include="..\geometry\point2.h">
      <Filter>geometry</Filter>
    </ClInclude>
    <ClInclude Include="..\geometry\point3.h">
      <Filter>geometry</Filter>
    </ClInclude>
    <ClInclude Include="..\geometry\ray3.h">
      <Filter>geometry</Filter>
    </ClInclude>
    <ClInclude Include="..\geometry\segment2.h">
      <Filter>geometry</Filter>
    </ClInclude>
    <ClInclude Include="..\geometry\segment3.h">
      <Filter>geometry</Filter>
    </ClInclude>
    <ClInclude Include="..\geometry\vector2.h">
      <Filter>geometry</Filter>
    </ClInclude>
    <ClInclude Include="..\geometry\vector3.h">
      <Filter>geometry</Filter>
    </ClInclude>
    <ClInclude Include="..\shader_support\glsl_fragmentshader.h">
      <Filter>shader_support</Filter>
    </ClInclude>
    <ClInclude Include="..\shader_support\glsl_shader.h">
      <Filter>shader_support</Filter>
    </ClInclude>
    <ClInclude Include="..\shader_support\glsl_shaderprogram.h">
      <Filter>shader_support</Filter>
    </ClInclude>
    <ClInclude Include="..\shader_support\glsl_vertexshader.h">
      <Filter>shader_support</Filter>
    </ClInclude>
    <ClInclude Include="unittrough.h" />
    <ClInclude Include="unit_subdivided_sphere.h" />
    <ClInclude Include="..\scene\cameranode.h">
      <Filter>scene</Filter>
    </ClInclude>
    <ClInclude Include="..\scene\color3.h">
      <Filter>scene</Filter>
    </ClInclude>
    <ClInclude Include="..\scene\color4.h">
      <Filter>scene</Filter>
    </ClInclude>
    <ClInclude Include="..\scene\conic.h">
      <Filter>scene</Filter>
    </ClInclude>
    <ClInclude Include="..\scene\geometrynode.h">
      <Filter>scene</Filter>
    </ClInclude>
    <ClInclude Include="..\scene\lightnode.h">
      <Filter>scene</Filter>
    </ClInclude>
    <ClInclude Include="..\scene\meshteapot.h">
      <Filter>scene</Filter>
    </ClInclude>
    <ClInclude Include="..\scene\modelnode.h">
      <Filter>scene</Filter>
    </ClInclude>
    <ClInclude Include="..\scene\presentationnode.h">
      <Filter>scene</Filter>
    </ClInclude>
    <ClInclude Include="..\scene\scene.h">
      <Filter>scene</Filter>
    </ClInclude>
    <ClInclude Include="..\scene\scenenode.h">
      <Filter>scene</Filter>
    </ClInclude>
    <ClInclude Include="..\scene\scenestate.h">
      <Filter>scene</Filter>
    </ClInclude>
    <ClInclude Include="..\scene\shadernode.h">
      <Filter>scene</Filter>
    </ClInclude>
    <ClInclude Include="..\scene\spheresection.h">
      <Filter>scene</Filter>
    </ClInclude>
    <ClInclude Include="..\scene\surface_of_revolution.h">
      <Filter>scene</Filter>
    </ClInclude>
    <ClInclude Include="..\scene\textured_trisurface.h">
      <Filter>scene</Filter>
    </ClInclude>
    <ClInclude Include="..\scene\torus.h">
      <Filter>scene</Filter>
    </ClInclude>
    <ClInclude Include="..\scene\transformnode.h">
      <Filter>scene</Filter>
    </ClInclude>
    <ClInclude Include="..\scene\trisurface.h">
      <Filter>scene</Filter>
    </ClInclude>
    <ClInclude Include="..\scene\unitsquare.h">
      <Filter>scene</Filter>
    </ClInclude>
  </ItemGroup>
  <ItemGroup>
    <ClCompile Include="ObjectCreation.cpp" />
    <ClCompile Include="PolygonMesh.cpp" />
    <ClCompile Include="..\gl3w.c" />
  </ItemGroup>
  <ItemGroup>
    <None Include="phong.frag">
      <Filter>shaders</Filter>
    </None>
    <None Include="phong.vert">
      <Filter>shaders</Filter>
    </None>
  </ItemGroup>
</Project>